{
  "originHash" : "53e502d347faef511fef7802b2b1a4dada025169e64d0c301b4765b1db49b087",
  "pins" : [
    {
      "identity" : "debugswift",
      "kind" : "remoteSourceControl",
      "location" : "https://github.com/DebugSwift/DebugSwift.git",
      "state" : {
        "revision" : "2d665a5bf1b0187045fbf7eca3793f02c7734e23",
        "version" : "1.1.0"
      }
    },
    {
      "identity" : "snapkit",
      "kind" : "remoteSourceControl",
      "location" : "https://github.com/SnapKit/SnapKit",
      "state" : {
        "revision" : "2842e6e84e82eb9a8dac0100ca90d9444b0307f4",
        "version" : "5.7.1"
      }
    }
  ],
  "version" : 3
}
